
Microsoft Visual Studio Solution File, Format Version 12.00
# Visual Studio Version 16
VisualStudioVersion = 16.0.31624.102
MinimumVisualStudioVersion = 10.0.40219.1
Project("{FAE04EC0-301F-11D3-BF4B-00C04F79EFBC}") = "RestGreetingDemo", "RestGreetingDemo\RestGreetingDemo.csproj", "{ADD02837-4CBE-4CD5-9E11-9A88A500999C}"
EndProject
Global
	GlobalSection(SolutionConfigurationPlatforms) = preSolution
		Debug|Any CPU = Debug|Any CPU
		Release|Any CPU = Release|Any CPU
	EndGlobalSection
	GlobalSection(ProjectConfigurationPlatforms) = postSolution
		{ADD02837-4CBE-4CD5-9E11-9A88A500999C}.Debug|Any CPU.ActiveCfg = Debug|Any CPU
		{ADD02837-4CBE-4CD5-9E11-9A88A500999C}.Debug|Any CPU.Build.0 = Debug|Any CPU
		{ADD02837-4CBE-4CD5-9E11-9A88A500999C}.Release|Any CPU.ActiveCfg = Release|Any CPU
		{ADD02837-4CBE-4CD5-9E11-9A88A500999C}.Release|Any CPU.Build.0 = Release|Any CPU
	EndGlobalSection
	GlobalSection(SolutionProperties) = preSolution
		HideSolutionNode = FALSE
	EndGlobalSection
	GlobalSection(ExtensibilityGlobals) = postSolution
		SolutionGuid = {8286799D-A014-4FDB-A5E8-8213D5AAB64D}
	EndGlobalSection
EndGlobal
